
Microsoft Visual Studio Solution File, Format Version 12.00
# Visual Studio Version 16
VisualStudioVersion = 16.0.32228.343
MinimumVisualStudioVersion = 10.0.40219.1
Project("{9A19103F-16F7-4668-BE54-9A1E7A4F7556}") = "WebAppCosmosDb", "WebAppCosmosDb.csproj", "{FF33E838-4464-455B-A1AC-28E79964FC19}"
EndProject
Global
	GlobalSection(SolutionConfigurationPlatforms) = preSolution
		Debug|Any CPU = Debug|Any CPU
		Release|Any CPU = Release|Any CPU
	EndGlobalSection
	GlobalSection(ProjectConfigurationPlatforms) = postSolution
		{FF33E838-4464-455B-A1AC-28E79964FC19}.Debug|Any CPU.ActiveCfg = Debug|Any CPU
		{FF33E838-4464-455B-A1AC-28E79964FC19}.Debug|Any CPU.Build.0 = Debug|Any CPU
		{FF33E838-4464-455B-A1AC-28E79964FC19}.Release|Any CPU.ActiveCfg = Release|Any CPU
		{FF33E838-4464-455B-A1AC-28E79964FC19}.Release|Any CPU.Build.0 = Release|Any CPU
	EndGlobalSection
	GlobalSection(SolutionProperties) = preSolution
		HideSolutionNode = FALSE
	EndGlobalSection
	GlobalSection(ExtensibilityGlobals) = postSolution
		SolutionGuid = {F82D27C1-252D-479A-9954-D2F48DC74312}
	EndGlobalSection
EndGlobal
